
Microsoft Visual Studio Solution File, Format Version 12.00
# Visual Studio Version 17
VisualStudioVersion = 17.10.35013.160
MinimumVisualStudioVersion = 10.0.40219.1
Project("{FAE04EC0-301F-11D3-BF4B-00C04F79EFBC}") = "Herencia", "Herencia.csproj", "{CF8D325C-7EB7-414F-9292-CB3C8C83CD9B}"
EndProject
Global
	GlobalSection(SolutionConfigurationPlatforms) = preSolution
		Debug|Any CPU = Debug|Any CPU
		Release|Any CPU = Release|Any CPU
	EndGlobalSection
	GlobalSection(ProjectConfigurationPlatforms) = postSolution
		{CF8D325C-7EB7-414F-9292-CB3C8C83CD9B}.Debug|Any CPU.ActiveCfg = Debug|Any CPU
		{CF8D325C-7EB7-414F-9292-CB3C8C83CD9B}.Debug|Any CPU.Build.0 = Debug|Any CPU
		{CF8D325C-7EB7-414F-9292-CB3C8C83CD9B}.Release|Any CPU.ActiveCfg = Release|Any CPU
		{CF8D325C-7EB7-414F-9292-CB3C8C83CD9B}.Release|Any CPU.Build.0 = Release|Any CPU
	EndGlobalSection
	GlobalSection(SolutionProperties) = preSolution
		HideSolutionNode = FALSE
	EndGlobalSection
	GlobalSection(ExtensibilityGlobals) = postSolution
		SolutionGuid = {7BB14C35-5A95-4B76-8C88-0360785C540F}
	EndGlobalSection
EndGlobal
